
Microsoft Visual Studio Solution File, Format Version 12.00
Project("{FAE04EC0-301F-11D3-BF4B-00C04F79EFBC}") = "Timetable.Web", "Timetable.Web\Timetable.Web.csproj", "{5B4C1293-B6DC-4855-9D25-5B0938A1A85B}"
EndProject
Project("{FAE04EC0-301F-11D3-BF4B-00C04F79EFBC}") = "Timetable.Web.Test", "Timetable.Web.Test\Timetable.Web.Test.csproj", "{BDB0F858-2473-4A76-9F6C-86CA37A7278C}"
EndProject
Project("{FAE04EC0-301F-11D3-BF4B-00C04F79EFBC}") = "Timetable", "Timetable\Timetable.csproj", "{17F7F15D-6E1C-4BBB-BD3C-3085A44F55CB}"
EndProject
Project("{FAE04EC0-301F-11D3-BF4B-00C04F79EFBC}") = "Timetable.Test", "Timetable.Test\Timetable.Test.csproj", "{FCB1FA7C-06BB-4D9E-88AF-F3DB33D35CA3}"
EndProject
Project("{2150E333-8FDC-42A3-9474-1A3956D46DE8}") = "Solution", "Solution", "{79794382-0F58-48AB-8DD1-59C8105FE308}"
ProjectSection(SolutionItems) = preProject
	.gitignore = .gitignore
	LICENSE = LICENSE
	README.md = README.md
EndProjectSection
EndProject
Project("{FAE04EC0-301F-11D3-BF4B-00C04F79EFBC}") = "Timetable.Test.Data", "Timetable.Test.Data\Timetable.Test.Data.csproj", "{9A2E7F7C-40A0-4F33-B1F6-94001A0E86D8}"
EndProject
Global
	GlobalSection(SolutionConfigurationPlatforms) = preSolution
		Debug|Any CPU = Debug|Any CPU
		Release|Any CPU = Release|Any CPU
	EndGlobalSection
	GlobalSection(ProjectConfigurationPlatforms) = postSolution
		{5B4C1293-B6DC-4855-9D25-5B0938A1A85B}.Debug|Any CPU.ActiveCfg = Debug|Any CPU
		{5B4C1293-B6DC-4855-9D25-5B0938A1A85B}.Debug|Any CPU.Build.0 = Debug|Any CPU
		{5B4C1293-B6DC-4855-9D25-5B0938A1A85B}.Release|Any CPU.ActiveCfg = Release|Any CPU
		{5B4C1293-B6DC-4855-9D25-5B0938A1A85B}.Release|Any CPU.Build.0 = Release|Any CPU
		{BDB0F858-2473-4A76-9F6C-86CA37A7278C}.Debug|Any CPU.ActiveCfg = Debug|Any CPU
		{BDB0F858-2473-4A76-9F6C-86CA37A7278C}.Debug|Any CPU.Build.0 = Debug|Any CPU
		{BDB0F858-2473-4A76-9F6C-86CA37A7278C}.Release|Any CPU.ActiveCfg = Release|Any CPU
		{BDB0F858-2473-4A76-9F6C-86CA37A7278C}.Release|Any CPU.Build.0 = Release|Any CPU
		{17F7F15D-6E1C-4BBB-BD3C-3085A44F55CB}.Debug|Any CPU.ActiveCfg = Debug|Any CPU
		{17F7F15D-6E1C-4BBB-BD3C-3085A44F55CB}.Debug|Any CPU.Build.0 = Debug|Any CPU
		{17F7F15D-6E1C-4BBB-BD3C-3085A44F55CB}.Release|Any CPU.ActiveCfg = Release|Any CPU
		{17F7F15D-6E1C-4BBB-BD3C-3085A44F55CB}.Release|Any CPU.Build.0 = Release|Any CPU
		{FCB1FA7C-06BB-4D9E-88AF-F3DB33D35CA3}.Debug|Any CPU.ActiveCfg = Debug|Any CPU
		{FCB1FA7C-06BB-4D9E-88AF-F3DB33D35CA3}.Debug|Any CPU.Build.0 = Debug|Any CPU
		{FCB1FA7C-06BB-4D9E-88AF-F3DB33D35CA3}.Release|Any CPU.ActiveCfg = Release|Any CPU
		{FCB1FA7C-06BB-4D9E-88AF-F3DB33D35CA3}.Release|Any CPU.Build.0 = Release|Any CPU
		{9A2E7F7C-40A0-4F33-B1F6-94001A0E86D8}.Debug|Any CPU.ActiveCfg = Debug|Any CPU
		{9A2E7F7C-40A0-4F33-B1F6-94001A0E86D8}.Debug|Any CPU.Build.0 = Debug|Any CPU
		{9A2E7F7C-40A0-4F33-B1F6-94001A0E86D8}.Release|Any CPU.ActiveCfg = Release|Any CPU
		{9A2E7F7C-40A0-4F33-B1F6-94001A0E86D8}.Release|Any CPU.Build.0 = Release|Any CPU
	EndGlobalSection
EndGlobal
